{
  "name": "gatsby-starter-blog-no-styles",
  "version": "1.0.0",
  "lockfileVersion": 1,
  "requires": true,
  "dependencies": {
    "@types/node": {
      "version": "6.0.88",
      "resolved": "https://registry.npmjs.org/@types/node/-/node-6.0.88.tgz",
      "integrity": "sha512-bYDPZTX0/s1aihdjLuAgogUAT5M+TpoWChEMea2p0yOcfn5bu3k6cJb9cp6nw268XeSNIGGr+4+/8V5K6BGzLQ=="
    },
    "babel-runtime": {
      "version": "6.26.0",
      "resolved": "https://registry.npmjs.org/babel-runtime/-/babel-runtime-6.26.0.tgz",
      "integrity": "sha1-llxwWGaOgrVde/4E/yM3vItWR/4=",
      "requires": {
        "core-js": "2.5.1",
        "regenerator-runtime": "0.11.0"
      }
    },
    "bluebird": {
      "version": "3.5.0",
      "resolved": "https://registry.npmjs.org/bluebird/-/bluebird-3.5.0.tgz",
      "integrity": "sha1-eRQg1/VR7qKJdFOop3ZT+WYG1nw="
    },
    "boolbase": {
      "version": "1.0.0",
      "resolved": "https://registry.npmjs.org/boolbase/-/boolbase-1.0.0.tgz",
      "integrity": "sha1-aN/1++YMUes3cl6p4+0xDcwed24="
    },
    "cheerio": {
      "version": "1.0.0-rc.2",
      "resolved": "https://registry.npmjs.org/cheerio/-/cheerio-1.0.0-rc.2.tgz",
      "integrity": "sha1-S59TqBsn5NXawxwP/Qz6A8xoMNs=",
      "requires": {
        "css-select": "1.2.0",
        "dom-serializer": "0.1.0",
        "entities": "1.1.1",
        "htmlparser2": "3.9.2",
        "lodash": "4.17.4",
        "parse5": "3.0.2"
      },
      "dependencies": {
        "lodash": {
          "version": "4.17.4",
          "resolved": "https://registry.npmjs.org/lodash/-/lodash-4.17.4.tgz",
          "integrity": "sha1-eCA6TRwyiuHYbcpkYONptX9AVa4="
        }
      }
    },
    "compass-vertical-rhythm": {
      "version": "1.3.1",
      "resolved": "https://registry.npmjs.org/compass-vertical-rhythm/-/compass-vertical-rhythm-1.3.1.tgz",
      "integrity": "sha1-YEf/2LILLcupNpjpCjRXBmKJNIg=",
      "requires": {
        "convert-css-length": "1.0.1",
        "object-assign": "4.1.1",
        "parse-unit": "1.0.1"
      }
    },
    "console-polyfill": {
      "version": "0.1.2",
      "resolved": "https://registry.npmjs.org/console-polyfill/-/console-polyfill-0.1.2.tgz",
      "integrity": "sha1-ls/tUcr3gYn2mVcubxgnHcN8DjA="
    },
    "convert-css-length": {
      "version": "1.0.1",
      "resolved": "https://registry.npmjs.org/convert-css-length/-/convert-css-length-1.0.1.tgz",
      "integrity": "sha1-8+zsZk8uhzoFcOav3T4a5PkkRLc=",
      "requires": {
        "console-polyfill": "0.1.2",
        "parse-unit": "1.0.1"
      }
    },
    "core-js": {
      "version": "2.5.1",
      "resolved": "https://registry.npmjs.org/core-js/-/core-js-2.5.1.tgz",
      "integrity": "sha1-rmh03GaTd4m4B1T/VCjfZoGcpQs="
    },
    "core-util-is": {
      "version": "1.0.2",
      "resolved": "https://registry.npmjs.org/core-util-is/-/core-util-is-1.0.2.tgz",
      "integrity": "sha1-tf1UIgqivFq1eqtxQMlAdUUDwac="
    },
    "css-select": {
      "version": "1.2.0",
      "resolved": "https://registry.npmjs.org/css-select/-/css-select-1.2.0.tgz",
      "integrity": "sha1-KzoRBTnFNV8c2NMUYj6HCxIeyFg=",
      "requires": {
        "boolbase": "1.0.0",
        "css-what": "2.1.0",
        "domutils": "1.5.1",
        "nth-check": "1.0.1"
      }
    },
    "css-what": {
      "version": "2.1.0",
      "resolved": "https://registry.npmjs.org/css-what/-/css-what-2.1.0.tgz",
      "integrity": "sha1-lGfQMsOM+u+58teVASUwYvh/ob0="
    },
    "decamelize": {
      "version": "1.2.0",
      "resolved": "https://registry.npmjs.org/decamelize/-/decamelize-1.2.0.tgz",
      "integrity": "sha1-9lNNFRSCabIDUue+4m9QH5oZEpA="
    },
    "dom-serializer": {
      "version": "0.1.0",
      "resolved": "https://registry.npmjs.org/dom-serializer/-/dom-serializer-0.1.0.tgz",
      "integrity": "sha1-BzxpdUbOB4DOI75KKOKT5AvDDII=",
      "requires": {
        "domelementtype": "1.1.3",
        "entities": "1.1.1"
      },
      "dependencies": {
        "domelementtype": {
          "version": "1.1.3",
          "resolved": "https://registry.npmjs.org/domelementtype/-/domelementtype-1.1.3.tgz",
          "integrity": "sha1-vSh3PiZCiBrsUVRJJCmcXNgiGFs="
        }
      }
    },
    "domelementtype": {
      "version": "1.3.0",
      "resolved": "https://registry.npmjs.org/domelementtype/-/domelementtype-1.3.0.tgz",
      "integrity": "sha1-sXrtguirWeUt2cGbF1bg/BhyBMI="
    },
    "domhandler": {
      "version": "2.4.1",
      "resolved": "https://registry.npmjs.org/domhandler/-/domhandler-2.4.1.tgz",
      "integrity": "sha1-iS5HAAqZvlW783dP/qBWHYh5wlk=",
      "requires": {
        "domelementtype": "1.3.0"
      }
    },
    "domutils": {
      "version": "1.5.1",
      "resolved": "https://registry.npmjs.org/domutils/-/domutils-1.5.1.tgz",
      "integrity": "sha1-3NhIiib1Y9YQeeSMn3t+Mjc2gs8=",
      "requires": {
        "dom-serializer": "0.1.0",
        "domelementtype": "1.3.0"
      }
    },
    "entities": {
      "version": "1.1.1",
      "resolved": "https://registry.npmjs.org/entities/-/entities-1.1.1.tgz",
      "integrity": "sha1-blwtClYhtdra7O+AuQ7ftc13cvA="
    },
    "gatsby-plugin-catch-links": {
      "version": "1.0.8",
      "resolved": "https://registry.npmjs.org/gatsby-plugin-catch-links/-/gatsby-plugin-catch-links-1.0.8.tgz",
      "integrity": "sha512-KiKQzmISzxmgq81udzzxM/c44yXvQlo2/Tph2AHnw2ayu6tw3ZWzdOdyfKuuW+WN864aP1LAuXX1azvuz6DTWA==",
      "requires": {
        "babel-runtime": "6.26.0"
      }
    },
    "gatsby-plugin-typography": {
      "version": "1.7.10",
      "resolved": "https://registry.npmjs.org/gatsby-plugin-typography/-/gatsby-plugin-typography-1.7.10.tgz",
      "integrity": "sha512-mh5yC8cZ4iv6+JTLcKawfDHDkJqd2keV/uRO456peLyDDdQVTlb+5rDMHMFhsNnkMsaa09/mCvfjButtLbT9Zg==",
      "requires": {
        "babel-runtime": "6.26.0",
        "react-typography": "0.16.5",
        "typography": "0.16.6"
      }
    },
    "gatsby-remark-responsive-iframe": {
      "version": "1.4.7",
      "resolved": "https://registry.npmjs.org/gatsby-remark-responsive-iframe/-/gatsby-remark-responsive-iframe-1.4.7.tgz",
      "integrity": "sha512-JGO/aJK6ri7QFEETqtEHtBy5/nRaq7YYnd72Y1YxfBVrBpThvpVJm3qqFp8MVBUKA19S38DzoF803OKV34j78A==",
      "requires": {
        "babel-runtime": "6.26.0",
        "bluebird": "3.5.0",
        "cheerio": "1.0.0-rc.2",
        "lodash": "4.17.4",
        "unist-util-visit": "1.1.3"
      },
      "dependencies": {
        "lodash": {
          "version": "4.17.4",
          "resolved": "https://registry.npmjs.org/lodash/-/lodash-4.17.4.tgz",
          "integrity": "sha1-eCA6TRwyiuHYbcpkYONptX9AVa4="
        }
      }
    },
    "gray-percentage": {
      "version": "2.0.0",
      "resolved": "https://registry.npmjs.org/gray-percentage/-/gray-percentage-2.0.0.tgz",
      "integrity": "sha1-tyonTRsTeRBKAFC2OyB9xT/lb5k="
    },
    "htmlparser2": {
      "version": "3.9.2",
      "resolved": "https://registry.npmjs.org/htmlparser2/-/htmlparser2-3.9.2.tgz",
      "integrity": "sha1-G9+HrMoPP55T+k/M6w9LTLsAszg=",
      "requires": {
        "domelementtype": "1.3.0",
        "domhandler": "2.4.1",
        "domutils": "1.5.1",
        "entities": "1.1.1",
        "inherits": "2.0.3",
        "readable-stream": "2.3.3"
      }
    },
    "inherits": {
      "version": "2.0.3",
      "resolved": "https://registry.npmjs.org/inherits/-/inherits-2.0.3.tgz",
      "integrity": "sha1-Yzwsg+PaQqUC9SRmAiSA9CCCYd4="
    },
    "isarray": {
      "version": "1.0.0",
      "resolved": "https://registry.npmjs.org/isarray/-/isarray-1.0.0.tgz",
      "integrity": "sha1-u5NdSFgsuhaMBoNJV6VKPgcSTxE="
    },
    "lodash.isnumber": {
      "version": "3.0.3",
      "resolved": "https://registry.npmjs.org/lodash.isnumber/-/lodash.isnumber-3.0.3.tgz",
      "integrity": "sha1-POdoEMWSjQM1IwGsKHMX8RwLH/w="
    },
    "modularscale": {
      "version": "1.0.2",
      "resolved": "https://registry.npmjs.org/modularscale/-/modularscale-1.0.2.tgz",
      "integrity": "sha1-So8TrzKl5SFPxuLPxSkGSr/X2Hc=",
      "requires": {
        "lodash.isnumber": "3.0.3"
      }
    },
    "nth-check": {
      "version": "1.0.1",
      "resolved": "https://registry.npmjs.org/nth-check/-/nth-check-1.0.1.tgz",
      "integrity": "sha1-mSms32KPwsQQmN6rgqxYDPFJquQ=",
      "requires": {
        "boolbase": "1.0.0"
      }
    },
    "object-assign": {
      "version": "4.1.1",
      "resolved": "https://registry.npmjs.org/object-assign/-/object-assign-4.1.1.tgz",
      "integrity": "sha1-IQmtx5ZYh8/AXLvUQsrIv7s2CGM="
    },
    "parse-unit": {
      "version": "1.0.1",
      "resolved": "https://registry.npmjs.org/parse-unit/-/parse-unit-1.0.1.tgz",
      "integrity": "sha1-fhu21b7zh0wo45JSaiVBFwKR7s8="
    },
    "parse5": {
      "version": "3.0.2",
      "resolved": "https://registry.npmjs.org/parse5/-/parse5-3.0.2.tgz",
      "integrity": "sha1-Be/1fw70V3+xRKefi5qWemzERRA=",
      "requires": {
        "@types/node": "6.0.88"
      }
    },
    "process-nextick-args": {
      "version": "1.0.7",
      "resolved": "https://registry.npmjs.org/process-nextick-args/-/process-nextick-args-1.0.7.tgz",
      "integrity": "sha1-FQ4gt1ZZCtP5EJPyWk8q2L/zC6M="
    },
    "react-typography": {
      "version": "0.16.5",
      "resolved": "https://registry.npmjs.org/react-typography/-/react-typography-0.16.5.tgz",
      "integrity": "sha512-cUK2ATEIg0W6d/63GGSed6FHed7C9xAbxwQ4IjDJFiv/JIlqc3RUbq4DIWi+xMRtiikwqO7i2EG9+bq8gzB2EQ=="
    },
    "readable-stream": {
      "version": "2.3.3",
      "resolved": "https://registry.npmjs.org/readable-stream/-/readable-stream-2.3.3.tgz",
      "integrity": "sha512-m+qzzcn7KUxEmd1gMbchF+Y2eIUbieUaxkWtptyHywrX0rE8QEYqPC07Vuy4Wm32/xE16NcdBctb8S0Xe/5IeQ==",
      "requires": {
        "core-util-is": "1.0.2",
        "inherits": "2.0.3",
        "isarray": "1.0.0",
        "process-nextick-args": "1.0.7",
        "safe-buffer": "5.1.1",
        "string_decoder": "1.0.3",
        "util-deprecate": "1.0.2"
      }
    },
    "regenerator-runtime": {
      "version": "0.11.0",
      "resolved": "https://registry.npmjs.org/regenerator-runtime/-/regenerator-runtime-0.11.0.tgz",
      "integrity": "sha512-/aA0kLeRb5N9K0d4fw7ooEbI+xDe+DKD499EQqygGqeS8N3xto15p09uY2xj7ixP81sNPXvRLnAQIqdVStgb1A=="
    },
    "safe-buffer": {
      "version": "5.1.1",
      "resolved": "https://registry.npmjs.org/safe-buffer/-/safe-buffer-5.1.1.tgz",
      "integrity": "sha512-kKvNJn6Mm93gAczWVJg7wH+wGYWNrDHdWvpUmHyEsgCtIwwo3bqPtV4tR5tuPaUhTOo/kvhVwd8XwwOllGYkbg=="
    },
    "string_decoder": {
      "version": "1.0.3",
      "resolved": "https://registry.npmjs.org/string_decoder/-/string_decoder-1.0.3.tgz",
      "integrity": "sha512-4AH6Z5fzNNBcH+6XDMfA/BTt87skxqJlO0lAh3Dker5zThcAxG6mKz+iGu308UKoPPQ8Dcqx/4JhujzltRa+hQ==",
      "requires": {
        "safe-buffer": "5.1.1"
      }
    },
    "typography": {
      "version": "0.16.6",
      "resolved": "https://registry.npmjs.org/typography/-/typography-0.16.6.tgz",
      "integrity": "sha512-jR4FECYt/Nq6ghD5nUJMAvx0Y6F44BeNo3ZRf1RjALbHaueseiz1O9oCTCkaQzfuVL9kAwphWF6BwKgG8hooWQ==",
      "requires": {
        "compass-vertical-rhythm": "1.3.1",
        "decamelize": "1.2.0",
        "gray-percentage": "2.0.0",
        "lodash": "4.17.4",
        "modularscale": "1.0.2",
        "object-assign": "4.1.1",
        "typography-normalize": "0.14.0"
      },
      "dependencies": {
        "lodash": {
          "version": "4.17.4",
          "resolved": "https://registry.npmjs.org/lodash/-/lodash-4.17.4.tgz",
          "integrity": "sha1-eCA6TRwyiuHYbcpkYONptX9AVa4="
        }
      }
    },
    "typography-normalize": {
      "version": "0.14.0",
      "resolved": "https://registry.npmjs.org/typography-normalize/-/typography-normalize-0.14.0.tgz",
      "integrity": "sha1-HXfB/iqvSlGzZzxMhchaZaLUtXM="
    },
    "unist-util-visit": {
      "version": "1.1.3",
      "resolved": "https://registry.npmjs.org/unist-util-visit/-/unist-util-visit-1.1.3.tgz",
      "integrity": "sha1-7CaOcxudJ3p5pbWqBkOZDkBdYAs="
    },
    "util-deprecate": {
      "version": "1.0.2",
      "resolved": "https://registry.npmjs.org/util-deprecate/-/util-deprecate-1.0.2.tgz",
      "integrity": "sha1-RQ1Nyfpw3nMnYvvS1KKJgUGaDM8="
    }
  }
}
